<?xml version="1.0" encoding="utf-8"?>
<Project ToolsVersion="4.0" xmlns="http://schemas.microsoft.com/developer/msbuild/2003">
  <ItemGroup>
    <Filter Include="Core">
      <UniqueIdentifier>{4FC737F1-C7A5-4376-A066-2A32D752A2FF}</UniqueIdentifier>
    </Filter>
    <Filter Include="Config">
      <UniqueIdentifier>{93995380-89BD-4b04-88EB-625FBE52EBFB}</UniqueIdentifier>
    </Filter>
    <Filter Include="Hooks">
      <UniqueIdentifier>{A2D9B7A0-8A4F-4A2F-9B2E-1C5E9B0C6F2E}</UniqueIdentifier>
    </Filter>
    <Filter Include="Patterns">
      <UniqueIdentifier>{3D4E7C8F-5A6B-4C8D-9E1F-2B3C4D5E6F7A}</UniqueIdentifier>
    </Filter>
    <Filter Include="PickupFilter">
      <UniqueIdentifier>{9F3A4B5C-6D7E-4F8A-9B0C-1D2E3F4A5B6C}</UniqueIdentifier>
    </Filter>
    <Filter Include="Logger">
      <UniqueIdentifier>{1A2B3C4D-5E6F-4A7B-8C9D-0E1F2A3B4C5D}</UniqueIdentifier>
    </Filter>
    <Filter Include="Scanner">
      <UniqueIdentifier>{3E5F6A7B-8C9D-4E0F-A1B2-C3D4E5F6A7B8}</UniqueIdentifier>
    </Filter>
    <Filter Include="Lists">
      <UniqueIdentifier>{7C8D9E0F-1A2B-3C4D-5E6F-7A8B9C0D1E2F}</UniqueIdentifier>
    </Filter>
    <Filter Include="Watcher">
      <UniqueIdentifier>{8D9E0F1A-2B3C-4D5E-8F7A-9B0C1D2E3F4A}</UniqueIdentifier>
    </Filter>
    <Filter Include="InteeProbe">
      <UniqueIdentifier>{B7A1C5D2-9E4F-4C3A-8D6B-2F5E1A9C0B34}</UniqueIdentifier>
    </Filter>
    <Filter Include="InteeBtn">
      <UniqueIdentifier>{D9F4B6E3-51A8-4D2C-BE70-6A3C8E4F1D25}</UniqueIdentifier>
    </Filter>
    <Filter Include="Ini">
      <UniqueIdentifier>{A1C7E2F9-84D3-4B56-9C0A-2E7F5B8D3C61}</UniqueIdentifier>
    </Filter>
    <Filter Include="MinHook">
      <UniqueIdentifier>{C4E2A8B1-3F7D-4B9E-9A5C-8D1E6F2B7A40}</UniqueIdentifier>
    </Filter>
    <Filter Include="MinHook\include">
      <UniqueIdentifier>{8F1D3C62-A94B-4E07-B2D5-63A8C0F19E17}</UniqueIdentifier>
    </Filter>
    <Filter Include="MinHook\src">
      <UniqueIdentifier>{5B7E9A04-2C61-4D38-8FAE-19C7B0D24E56}</UniqueIdentifier>
    </Filter>
    <Filter Include="MinHook\src\hde">
      <UniqueIdentifier>{E2A6C718-9D43-4F5B-86C0-7B9513AD6F02}</UniqueIdentifier>
    </Filter>
    <Filter Include="ObfHook">
      <UniqueIdentifier>{0BFH0001-0000-4000-8000-000000000001}</UniqueIdentifier>
    </Filter>
  </ItemGroup>
  <ItemGroup>
    <ClInclude Include="src\Config\Config.h">
      <Filter>Config</Filter>
    </ClInclude>
    <ClInclude Include="src\Hooks\Hooks.h">
      <Filter>Hooks</Filter>
    </ClInclude>
    <ClInclude Include="src\Patterns\Patterns.h">
      <Filter>Patterns</Filter>
    </ClInclude>
    <ClInclude Include="src\PickupFilter\PickupFilter.h">
      <Filter>PickupFilter</Filter>
    </ClInclude>
    <ClInclude Include="src\Logger\Logger.h">
      <Filter>Logger</Filter>
    </ClInclude>
    <ClInclude Include="src\Scanner\Scanner.h">
      <Filter>Scanner</Filter>
    </ClInclude>
    <ClInclude Include="src\Lists\Lists.h">
      <Filter>Lists</Filter>
    </ClInclude>
    <ClInclude Include="src\Watcher\Watcher.h">
      <Filter>Watcher</Filter>
    </ClInclude>
    <ClInclude Include="src\ObfHook\ObfHook.h">
      <Filter>ObfHook</Filter>
    </ClInclude>
    <ClInclude Include="src\InteeProbe\InteeProbe.h">
      <Filter>InteeProbe</Filter>
    </ClInclude>
    <ClInclude Include="src\InteeBtn\InteeBtn.h">
      <Filter>InteeBtn</Filter>
    </ClInclude>
    <ClInclude Include="src\Ini\Ini.h">
      <Filter>Ini</Filter>
    </ClInclude>
    <ClInclude Include="src\MinHook\include\MinHook.h">
      <Filter>MinHook\include</Filter>
    </ClInclude>
    <ClInclude Include="src\MinHook\src\buffer.h">
      <Filter>MinHook\src</Filter>
    </ClInclude>
    <ClInclude Include="src\MinHook\src\trampoline.h">
      <Filter>MinHook\src</Filter>
    </ClInclude>
    <ClInclude Include="src\MinHook\src\hde\hde32.h">
      <Filter>MinHook\src\hde</Filter>
    </ClInclude>
    <ClInclude Include="src\MinHook\src\hde\hde64.h">
      <Filter>MinHook\src\hde</Filter>
    </ClInclude>
    <ClInclude Include="src\MinHook\src\hde\pstdint.h">
      <Filter>MinHook\src\hde</Filter>
    </ClInclude>
    <ClInclude Include="src\MinHook\src\hde\table32.h">
      <Filter>MinHook\src\hde</Filter>
    </ClInclude>
    <ClInclude Include="src\MinHook\src\hde\table64.h">
      <Filter>MinHook\src\hde</Filter>
    </ClInclude>
  </ItemGroup>
  <ItemGroup>
    <ClCompile Include="src\Core\dllmain.cpp">
      <Filter>Core</Filter>
    </ClCompile>
    <ClCompile Include="src\Config\Config.cpp">
      <Filter>Config</Filter>
    </ClCompile>
    <ClCompile Include="src\Hooks\Hooks.cpp">
      <Filter>Hooks</Filter>
    </ClCompile>
    <ClCompile Include="src\PickupFilter\PickupFilter.cpp">
      <Filter>PickupFilter</Filter>
    </ClCompile>
    <ClCompile Include="src\Scanner\Scanner.cpp">
      <Filter>Scanner</Filter>
    </ClCompile>
    <ClCompile Include="src\Logger\Logger.cpp">
      <Filter>Logger</Filter>
    </ClCompile>
    <ClCompile Include="src\Lists\Lists.cpp">
      <Filter>Lists</Filter>
    </ClCompile>
    <ClCompile Include="src\Watcher\Watcher.cpp">
      <Filter>Watcher</Filter>
    </ClCompile>
    <ClCompile Include="src\ObfHook\ObfHook.cpp">
      <Filter>ObfHook</Filter>
    </ClCompile>
    <ClCompile Include="src\InteeProbe\InteeProbe.cpp">
      <Filter>InteeProbe</Filter>
    </ClCompile>
    <ClCompile Include="src\InteeBtn\InteeBtn.cpp">
      <Filter>InteeBtn</Filter>
    </ClCompile>
    <ClCompile Include="src\Ini\Ini.cpp">
      <Filter>Ini</Filter>
    </ClCompile>
    <ClCompile Include="src\MinHook\src\buffer.c">
      <Filter>MinHook\src</Filter>
    </ClCompile>
    <ClCompile Include="src\MinHook\src\hook.c">
      <Filter>MinHook\src</Filter>
    </ClCompile>
    <ClCompile Include="src\MinHook\src\trampoline.c">
      <Filter>MinHook\src</Filter>
    </ClCompile>
    <ClCompile Include="src\MinHook\src\hde\hde64.c">
      <Filter>MinHook\src\hde</Filter>
    </ClCompile>
    <ClCompile Include="src\MinHook\src\hde\hde32.c">
      <Filter>MinHook\src\hde</Filter>
    </ClCompile>
  </ItemGroup>
  <ItemGroup>
    <None Include="src\Config\Config.ini">
      <Filter>Config</Filter>
    </None>
    <None Include="src\Lists\Whitelist.ini">
      <Filter>Lists</Filter>
    </None>
    <None Include="src\Lists\Blacklist.ini">
      <Filter>Lists</Filter>
    </None>
  </ItemGroup>
</Project>